
Microsoft Visual Studio Solution File, Format Version 12.00
# Visual Studio Version 17
VisualStudioVersion = 17.5.001.0
MinimumVisualStudioVersion = 10.0.40219.1
Project("{9A19103F-16F7-4668-BE54-9A1E7A4F7556}") = "Viewer.Client", "Viewer.Client.csproj", "{ADDBEB8F-E9CB-4C7E-A216-D27F7FDF3098}"
EndProject
Global
	GlobalSection(SolutionConfigurationPlatforms) = preSolution
		Debug|Any CPU = Debug|Any CPU
		Release|Any CPU = Release|Any CPU
	EndGlobalSection
	GlobalSection(ProjectConfigurationPlatforms) = postSolution
		{ADDBEB8F-E9CB-4C7E-A216-D27F7FDF3098}.Debug|Any CPU.ActiveCfg = Debug|Any CPU
		{ADDBEB8F-E9CB-4C7E-A216-D27F7FDF3098}.Debug|Any CPU.Build.0 = Debug|Any CPU
		{ADDBEB8F-E9CB-4C7E-A216-D27F7FDF3098}.Release|Any CPU.ActiveCfg = Release|Any CPU
		{ADDBEB8F-E9CB-4C7E-A216-D27F7FDF3098}.Release|Any CPU.Build.0 = Release|Any CPU
	EndGlobalSection
	GlobalSection(SolutionProperties) = preSolution
		HideSolutionNode = FALSE
	EndGlobalSection
	GlobalSection(ExtensibilityGlobals) = postSolution
		SolutionGuid = {C89BCB92-938F-4F54-8745-6AF35E0F7B68}
	EndGlobalSection
EndGlobal
